{
  "name": "hijack-tech-assignment",
  "version": "1.0.0",
  "lockfileVersion": 3,
  "requires": true,
  "packages": {
    "": {
      "name": "hijack-tech-assignment",
      "version": "1.0.0",
      "workspaces": [
        "apps/*",
        "packages/*"
      ]
    },
    "node_modules/@hijack/engine": {
      "resolved": "packages/engine",
      "link": true
    },
    "node_modules/@hijack/protocol": {
      "resolved": "packages/protocol",
      "link": true
    },
    "node_modules/pokersolver": {
      "version": "2.1.4",
      "resolved": "https://registry.npmjs.org/pokersolver/-/pokersolver-2.1.4.tgz",
      "integrity": "sha512-vmgZS+K8H8r1RePQykFM5YyvlKo1v3xVec8FMBjg9N6mR2Tj/n/X415w+lG67FWbrk71D/CADmKFinDgaQlAsw==",
      "engines": [
        "node >= 4.0.0"
      ],
      "license": "MIT"
    },
    "node_modules/typescript": {
      "version": "5.9.3",
      "resolved": "https://registry.npmjs.org/typescript/-/typescript-5.9.3.tgz",
      "integrity": "sha512-jl1vZzPDinLr9eUt3J/t7V6FgNEw9QjvBPdysz9KfQDD41fQrC2Y4vKQdiaUpFT4bXlb1RHhLpp8wtm6M5TgSw==",
      "dev": true,
      "license": "Apache-2.0",
      "bin": {
        "tsc": "bin/tsc",
        "tsserver": "bin/tsserver"
      },
      "engines": {
        "node": ">=14.17"
      }
    },
    "packages/engine": {
      "name": "@hijack/engine",
      "version": "0.1.0",
      "dependencies": {
        "pokersolver": "^2.1.4"
      }
    },
    "packages/protocol": {
      "name": "@hijack/protocol",
      "version": "0.1.0",
      "devDependencies": {
        "typescript": "^5.4.0"
      }
    }
  }
}
